
Microsoft Visual Studio Solution File, Format Version 10.00
# Visual Studio 2008
Project("{2150E333-8FDC-42A3-9474-1A3956D46DE8}") = "Doubango", "Doubango", "{EAF90198-11FF-4D34-8C1F-453AA2D82571}"
EndProject
Project("{2150E333-8FDC-42A3-9474-1A3956D46DE8}") = "Gotham", "Gotham", "{89914F45-338A-4BA8-BAEB-4CEBEB109AAE}"
EndProject
Project("{8BC9CEB8-8B4A-11D0-8D11-00A0C91BC942}") = "tinyDAV", "tinyDAV.vcproj", "{8E2F0B2E-2596-4010-BF4A-2F688975B5C1}"
	ProjectSection(ProjectDependencies) = postProject
		{52814B0D-7DCA-45B8-9A16-8B147040D619} = {52814B0D-7DCA-45B8-9A16-8B147040D619}
		{AA46AF16-9678-4054-8E48-98DC21ECEC82} = {AA46AF16-9678-4054-8E48-98DC21ECEC82}
		{E45DB518-6562-4033-80E8-60030F0B169F} = {E45DB518-6562-4033-80E8-60030F0B169F}
		{99B7D02F-8C70-4B45-AF3C-92313C3CEE15} = {99B7D02F-8C70-4B45-AF3C-92313C3CEE15}
		{7522A458-92F4-4259-B906-E84C2A65D9F1} = {7522A458-92F4-4259-B906-E84C2A65D9F1}
		{6BC9B796-10C6-4CF7-A6E4-E2DACCDA84DA} = {6BC9B796-10C6-4CF7-A6E4-E2DACCDA84DA}
	EndProjectSection
EndProject
Project("{8BC9CEB8-8B4A-11D0-8D11-00A0C91BC942}") = "tinyHTTP", "tinyHTTP.vcproj", "{B3E45009-C7C3-4090-837C-2D30C9058443}"
	ProjectSection(ProjectDependencies) = postProject
		{7522A458-92F4-4259-B906-E84C2A65D9F1} = {7522A458-92F4-4259-B906-E84C2A65D9F1}
		{6BC9B796-10C6-4CF7-A6E4-E2DACCDA84DA} = {6BC9B796-10C6-4CF7-A6E4-E2DACCDA84DA}
	EndProjectSection
EndProject
Project("{8BC9CEB8-8B4A-11D0-8D11-00A0C91BC942}") = "tinyMEDIA", "tinyMEDIA.vcproj", "{52814B0D-7DCA-45B8-9A16-8B147040D619}"
	ProjectSection(ProjectDependencies) = postProject
		{E45DB518-6562-4033-80E8-60030F0B169F} = {E45DB518-6562-4033-80E8-60030F0B169F}
		{7522A458-92F4-4259-B906-E84C2A65D9F1} = {7522A458-92F4-4259-B906-E84C2A65D9F1}
		{6BC9B796-10C6-4CF7-A6E4-E2DACCDA84DA} = {6BC9B796-10C6-4CF7-A6E4-E2DACCDA84DA}
	EndProjectSection
EndProject
Project("{8BC9CEB8-8B4A-11D0-8D11-00A0C91BC942}") = "tinyMSRP", "tinyMSRP.vcproj", "{AA46AF16-9678-4054-8E48-98DC21ECEC82}"
	ProjectSection(ProjectDependencies) = postProject
		{B3E45009-C7C3-4090-837C-2D30C9058443} = {B3E45009-C7C3-4090-837C-2D30C9058443}
		{7522A458-92F4-4259-B906-E84C2A65D9F1} = {7522A458-92F4-4259-B906-E84C2A65D9F1}
		{6BC9B796-10C6-4CF7-A6E4-E2DACCDA84DA} = {6BC9B796-10C6-4CF7-A6E4-E2DACCDA84DA}
	EndProjectSection
EndProject
Project("{8BC9CEB8-8B4A-11D0-8D11-00A0C91BC942}") = "tinyNET", "tinyNET.vcproj", "{7522A458-92F4-4259-B906-E84C2A65D9F1}"
	ProjectSection(ProjectDependencies) = postProject
		{6BC9B796-10C6-4CF7-A6E4-E2DACCDA84DA} = {6BC9B796-10C6-4CF7-A6E4-E2DACCDA84DA}
	EndProjectSection
EndProject
Project("{8BC9CEB8-8B4A-11D0-8D11-00A0C91BC942}") = "tinyRTP", "tinyRTP.vcproj", "{99B7D02F-8C70-4B45-AF3C-92313C3CEE15}"
	ProjectSection(ProjectDependencies) = postProject
		{52814B0D-7DCA-45B8-9A16-8B147040D619} = {52814B0D-7DCA-45B8-9A16-8B147040D619}
		{7522A458-92F4-4259-B906-E84C2A65D9F1} = {7522A458-92F4-4259-B906-E84C2A65D9F1}
		{6BC9B796-10C6-4CF7-A6E4-E2DACCDA84DA} = {6BC9B796-10C6-4CF7-A6E4-E2DACCDA84DA}
	EndProjectSection
EndProject
Project("{8BC9CEB8-8B4A-11D0-8D11-00A0C91BC942}") = "tinySAK", "tinySAK.vcproj", "{6BC9B796-10C6-4CF7-A6E4-E2DACCDA84DA}"
EndProject
Project("{8BC9CEB8-8B4A-11D0-8D11-00A0C91BC942}") = "tinySDP", "tinySDP.vcproj", "{E45DB518-6562-4033-80E8-60030F0B169F}"
	ProjectSection(ProjectDependencies) = postProject
		{6BC9B796-10C6-4CF7-A6E4-E2DACCDA84DA} = {6BC9B796-10C6-4CF7-A6E4-E2DACCDA84DA}
	EndProjectSection
EndProject
Project("{8BC9CEB8-8B4A-11D0-8D11-00A0C91BC942}") = "MFT_WebRTC4All", "MFT_WebRTC4All\MFT_WebRTC4All.vcproj", "{0B51DC78-8C7A-428A-AB24-A63AD98A9387}"
	ProjectSection(ProjectDependencies) = postProject
		{B3E45009-C7C3-4090-837C-2D30C9058443} = {B3E45009-C7C3-4090-837C-2D30C9058443}
		{52814B0D-7DCA-45B8-9A16-8B147040D619} = {52814B0D-7DCA-45B8-9A16-8B147040D619}
		{AA46AF16-9678-4054-8E48-98DC21ECEC82} = {AA46AF16-9678-4054-8E48-98DC21ECEC82}
		{E45DB518-6562-4033-80E8-60030F0B169F} = {E45DB518-6562-4033-80E8-60030F0B169F}
		{8E2F0B2E-2596-4010-BF4A-2F688975B5C1} = {8E2F0B2E-2596-4010-BF4A-2F688975B5C1}
		{99B7D02F-8C70-4B45-AF3C-92313C3CEE15} = {99B7D02F-8C70-4B45-AF3C-92313C3CEE15}
		{7522A458-92F4-4259-B906-E84C2A65D9F1} = {7522A458-92F4-4259-B906-E84C2A65D9F1}
		{6BC9B796-10C6-4CF7-A6E4-E2DACCDA84DA} = {6BC9B796-10C6-4CF7-A6E4-E2DACCDA84DA}
	EndProjectSection
EndProject
Project("{8BC9CEB8-8B4A-11D0-8D11-00A0C91BC942}") = "test", "test\test.vcproj", "{6B49322E-5121-4A81-86FF-15C4DE6F7AE6}"
	ProjectSection(ProjectDependencies) = postProject
		{B3E45009-C7C3-4090-837C-2D30C9058443} = {B3E45009-C7C3-4090-837C-2D30C9058443}
		{52814B0D-7DCA-45B8-9A16-8B147040D619} = {52814B0D-7DCA-45B8-9A16-8B147040D619}
		{AA46AF16-9678-4054-8E48-98DC21ECEC82} = {AA46AF16-9678-4054-8E48-98DC21ECEC82}
		{E45DB518-6562-4033-80E8-60030F0B169F} = {E45DB518-6562-4033-80E8-60030F0B169F}
		{8E2F0B2E-2596-4010-BF4A-2F688975B5C1} = {8E2F0B2E-2596-4010-BF4A-2F688975B5C1}
		{99B7D02F-8C70-4B45-AF3C-92313C3CEE15} = {99B7D02F-8C70-4B45-AF3C-92313C3CEE15}
		{419DA54C-3E93-4560-9963-9B9E944F8394} = {419DA54C-3E93-4560-9963-9B9E944F8394}
		{7522A458-92F4-4259-B906-E84C2A65D9F1} = {7522A458-92F4-4259-B906-E84C2A65D9F1}
		{0B51DC78-8C7A-428A-AB24-A63AD98A9387} = {0B51DC78-8C7A-428A-AB24-A63AD98A9387}
		{6BC9B796-10C6-4CF7-A6E4-E2DACCDA84DA} = {6BC9B796-10C6-4CF7-A6E4-E2DACCDA84DA}
	EndProjectSection
EndProject
Project("{2150E333-8FDC-42A3-9474-1A3956D46DE8}") = "plugins", "plugins", "{215DCB57-9E19-4075-9569-E93DAB3F8E18}"
EndProject
Project("{8BC9CEB8-8B4A-11D0-8D11-00A0C91BC942}") = "pluginWinMF", "pluginWinMF.vcproj", "{419DA54C-3E93-4560-9963-9B9E944F8394}"
	ProjectSection(ProjectDependencies) = postProject
		{52814B0D-7DCA-45B8-9A16-8B147040D619} = {52814B0D-7DCA-45B8-9A16-8B147040D619}
		{6BC9B796-10C6-4CF7-A6E4-E2DACCDA84DA} = {6BC9B796-10C6-4CF7-A6E4-E2DACCDA84DA}
	EndProjectSection
EndProject
Project("{8BC9CEB8-8B4A-11D0-8D11-00A0C91BC942}") = "pluginDirectShow", "pluginDirectShow.vcproj", "{6A69773C-0C70-4BD4-8362-C274CAFD58F2}"
	ProjectSection(ProjectDependencies) = postProject
		{52814B0D-7DCA-45B8-9A16-8B147040D619} = {52814B0D-7DCA-45B8-9A16-8B147040D619}
		{6BC9B796-10C6-4CF7-A6E4-E2DACCDA84DA} = {6BC9B796-10C6-4CF7-A6E4-E2DACCDA84DA}
	EndProjectSection
EndProject
Global
	GlobalSection(SolutionConfigurationPlatforms) = preSolution
		Debug|Win32 = Debug|Win32
		Release|Win32 = Release|Win32
		Static_Debug|Win32 = Static_Debug|Win32
		Static_Release|Win32 = Static_Release|Win32
	EndGlobalSection
	GlobalSection(ProjectConfigurationPlatforms) = postSolution
		{8E2F0B2E-2596-4010-BF4A-2F688975B5C1}.Debug|Win32.ActiveCfg = Debug|Win32
		{8E2F0B2E-2596-4010-BF4A-2F688975B5C1}.Debug|Win32.Build.0 = Debug|Win32
		{8E2F0B2E-2596-4010-BF4A-2F688975B5C1}.Release|Win32.ActiveCfg = Release|Win32
		{8E2F0B2E-2596-4010-BF4A-2F688975B5C1}.Release|Win32.Build.0 = Release|Win32
		{8E2F0B2E-2596-4010-BF4A-2F688975B5C1}.Static_Debug|Win32.ActiveCfg = Debug|Win32
		{8E2F0B2E-2596-4010-BF4A-2F688975B5C1}.Static_Debug|Win32.Build.0 = Debug|Win32
		{8E2F0B2E-2596-4010-BF4A-2F688975B5C1}.Static_Release|Win32.ActiveCfg = Release|Win32
		{8E2F0B2E-2596-4010-BF4A-2F688975B5C1}.Static_Release|Win32.Build.0 = Release|Win32
		{B3E45009-C7C3-4090-837C-2D30C9058443}.Debug|Win32.ActiveCfg = Debug|Win32
		{B3E45009-C7C3-4090-837C-2D30C9058443}.Debug|Win32.Build.0 = Debug|Win32
		{B3E45009-C7C3-4090-837C-2D30C9058443}.Release|Win32.ActiveCfg = Release|Win32
		{B3E45009-C7C3-4090-837C-2D30C9058443}.Release|Win32.Build.0 = Release|Win32
		{B3E45009-C7C3-4090-837C-2D30C9058443}.Static_Debug|Win32.ActiveCfg = Debug|Win32
		{B3E45009-C7C3-4090-837C-2D30C9058443}.Static_Debug|Win32.Build.0 = Debug|Win32
		{B3E45009-C7C3-4090-837C-2D30C9058443}.Static_Release|Win32.ActiveCfg = Release|Win32
		{B3E45009-C7C3-4090-837C-2D30C9058443}.Static_Release|Win32.Build.0 = Release|Win32
		{52814B0D-7DCA-45B8-9A16-8B147040D619}.Debug|Win32.ActiveCfg = Debug|Win32
		{52814B0D-7DCA-45B8-9A16-8B147040D619}.Debug|Win32.Build.0 = Debug|Win32
		{52814B0D-7DCA-45B8-9A16-8B147040D619}.Release|Win32.ActiveCfg = Release|Win32
		{52814B0D-7DCA-45B8-9A16-8B147040D619}.Release|Win32.Build.0 = Release|Win32
		{52814B0D-7DCA-45B8-9A16-8B147040D619}.Static_Debug|Win32.ActiveCfg = Debug|Win32
		{52814B0D-7DCA-45B8-9A16-8B147040D619}.Static_Debug|Win32.Build.0 = Debug|Win32
		{52814B0D-7DCA-45B8-9A16-8B147040D619}.Static_Release|Win32.ActiveCfg = Release|Win32
		{52814B0D-7DCA-45B8-9A16-8B147040D619}.Static_Release|Win32.Build.0 = Release|Win32
		{AA46AF16-9678-4054-8E48-98DC21ECEC82}.Debug|Win32.ActiveCfg = Debug|Win32
		{AA46AF16-9678-4054-8E48-98DC21ECEC82}.Debug|Win32.Build.0 = Debug|Win32
		{AA46AF16-9678-4054-8E48-98DC21ECEC82}.Release|Win32.ActiveCfg = Release|Win32
		{AA46AF16-9678-4054-8E48-98DC21ECEC82}.Release|Win32.Build.0 = Release|Win32
		{AA46AF16-9678-4054-8E48-98DC21ECEC82}.Static_Debug|Win32.ActiveCfg = Debug|Win32
		{AA46AF16-9678-4054-8E48-98DC21ECEC82}.Static_Debug|Win32.Build.0 = Debug|Win32
		{AA46AF16-9678-4054-8E48-98DC21ECEC82}.Static_Release|Win32.ActiveCfg = Release|Win32
		{AA46AF16-9678-4054-8E48-98DC21ECEC82}.Static_Release|Win32.Build.0 = Release|Win32
		{7522A458-92F4-4259-B906-E84C2A65D9F1}.Debug|Win32.ActiveCfg = Debug|Win32
		{7522A458-92F4-4259-B906-E84C2A65D9F1}.Debug|Win32.Build.0 = Debug|Win32
		{7522A458-92F4-4259-B906-E84C2A65D9F1}.Release|Win32.ActiveCfg = Release|Win32
		{7522A458-92F4-4259-B906-E84C2A65D9F1}.Release|Win32.Build.0 = Release|Win32
		{7522A458-92F4-4259-B906-E84C2A65D9F1}.Static_Debug|Win32.ActiveCfg = Debug|Win32
		{7522A458-92F4-4259-B906-E84C2A65D9F1}.Static_Debug|Win32.Build.0 = Debug|Win32
		{7522A458-92F4-4259-B906-E84C2A65D9F1}.Static_Release|Win32.ActiveCfg = Release|Win32
		{7522A458-92F4-4259-B906-E84C2A65D9F1}.Static_Release|Win32.Build.0 = Release|Win32
		{99B7D02F-8C70-4B45-AF3C-92313C3CEE15}.Debug|Win32.ActiveCfg = Debug|Win32
		{99B7D02F-8C70-4B45-AF3C-92313C3CEE15}.Debug|Win32.Build.0 = Debug|Win32
		{99B7D02F-8C70-4B45-AF3C-92313C3CEE15}.Release|Win32.ActiveCfg = Release|Win32
		{99B7D02F-8C70-4B45-AF3C-92313C3CEE15}.Release|Win32.Build.0 = Release|Win32
		{99B7D02F-8C70-4B45-AF3C-92313C3CEE15}.Static_Debug|Win32.ActiveCfg = Debug|Win32
		{99B7D02F-8C70-4B45-AF3C-92313C3CEE15}.Static_Debug|Win32.Build.0 = Debug|Win32
		{99B7D02F-8C70-4B45-AF3C-92313C3CEE15}.Static_Release|Win32.ActiveCfg = Release|Win32
		{99B7D02F-8C70-4B45-AF3C-92313C3CEE15}.Static_Release|Win32.Build.0 = Release|Win32
		{6BC9B796-10C6-4CF7-A6E4-E2DACCDA84DA}.Debug|Win32.ActiveCfg = Debug|Win32
		{6BC9B796-10C6-4CF7-A6E4-E2DACCDA84DA}.Debug|Win32.Build.0 = Debug|Win32
		{6BC9B796-10C6-4CF7-A6E4-E2DACCDA84DA}.Release|Win32.ActiveCfg = Release|Win32
		{6BC9B796-10C6-4CF7-A6E4-E2DACCDA84DA}.Release|Win32.Build.0 = Release|Win32
		{6BC9B796-10C6-4CF7-A6E4-E2DACCDA84DA}.Static_Debug|Win32.ActiveCfg = Static_Debug|Win32
		{6BC9B796-10C6-4CF7-A6E4-E2DACCDA84DA}.Static_Debug|Win32.Build.0 = Static_Debug|Win32
		{6BC9B796-10C6-4CF7-A6E4-E2DACCDA84DA}.Static_Release|Win32.ActiveCfg = Static_Release|Win32
		{6BC9B796-10C6-4CF7-A6E4-E2DACCDA84DA}.Static_Release|Win32.Build.0 = Static_Release|Win32
		{E45DB518-6562-4033-80E8-60030F0B169F}.Debug|Win32.ActiveCfg = Debug|Win32
		{E45DB518-6562-4033-80E8-60030F0B169F}.Debug|Win32.Build.0 = Debug|Win32
		{E45DB518-6562-4033-80E8-60030F0B169F}.Release|Win32.ActiveCfg = Release|Win32
		{E45DB518-6562-4033-80E8-60030F0B169F}.Release|Win32.Build.0 = Release|Win32
		{E45DB518-6562-4033-80E8-60030F0B169F}.Static_Debug|Win32.ActiveCfg = Debug|Win32
		{E45DB518-6562-4033-80E8-60030F0B169F}.Static_Debug|Win32.Build.0 = Debug|Win32
		{E45DB518-6562-4033-80E8-60030F0B169F}.Static_Release|Win32.ActiveCfg = Release|Win32
		{E45DB518-6562-4033-80E8-60030F0B169F}.Static_Release|Win32.Build.0 = Release|Win32
		{0B51DC78-8C7A-428A-AB24-A63AD98A9387}.Debug|Win32.ActiveCfg = Debug|Win32
		{0B51DC78-8C7A-428A-AB24-A63AD98A9387}.Debug|Win32.Build.0 = Debug|Win32
		{0B51DC78-8C7A-428A-AB24-A63AD98A9387}.Release|Win32.ActiveCfg = Release|Win32
		{0B51DC78-8C7A-428A-AB24-A63AD98A9387}.Release|Win32.Build.0 = Release|Win32
		{0B51DC78-8C7A-428A-AB24-A63AD98A9387}.Static_Debug|Win32.ActiveCfg = Debug|Win32
		{0B51DC78-8C7A-428A-AB24-A63AD98A9387}.Static_Debug|Win32.Build.0 = Debug|Win32
		{0B51DC78-8C7A-428A-AB24-A63AD98A9387}.Static_Release|Win32.ActiveCfg = Release|Win32
		{0B51DC78-8C7A-428A-AB24-A63AD98A9387}.Static_Release|Win32.Build.0 = Release|Win32
		{6B49322E-5121-4A81-86FF-15C4DE6F7AE6}.Debug|Win32.ActiveCfg = Debug|Win32
		{6B49322E-5121-4A81-86FF-15C4DE6F7AE6}.Debug|Win32.Build.0 = Debug|Win32
		{6B49322E-5121-4A81-86FF-15C4DE6F7AE6}.Release|Win32.ActiveCfg = Release|Win32
		{6B49322E-5121-4A81-86FF-15C4DE6F7AE6}.Release|Win32.Build.0 = Release|Win32
		{6B49322E-5121-4A81-86FF-15C4DE6F7AE6}.Static_Debug|Win32.ActiveCfg = Debug|Win32
		{6B49322E-5121-4A81-86FF-15C4DE6F7AE6}.Static_Debug|Win32.Build.0 = Debug|Win32
		{6B49322E-5121-4A81-86FF-15C4DE6F7AE6}.Static_Release|Win32.ActiveCfg = Release|Win32
		{6B49322E-5121-4A81-86FF-15C4DE6F7AE6}.Static_Release|Win32.Build.0 = Release|Win32
		{419DA54C-3E93-4560-9963-9B9E944F8394}.Debug|Win32.ActiveCfg = Debug|Win32
		{419DA54C-3E93-4560-9963-9B9E944F8394}.Debug|Win32.Build.0 = Debug|Win32
		{419DA54C-3E93-4560-9963-9B9E944F8394}.Release|Win32.ActiveCfg = Release|Win32
		{419DA54C-3E93-4560-9963-9B9E944F8394}.Release|Win32.Build.0 = Release|Win32
		{419DA54C-3E93-4560-9963-9B9E944F8394}.Static_Debug|Win32.ActiveCfg = Debug|Win32
		{419DA54C-3E93-4560-9963-9B9E944F8394}.Static_Debug|Win32.Build.0 = Debug|Win32
		{419DA54C-3E93-4560-9963-9B9E944F8394}.Static_Release|Win32.ActiveCfg = Release|Win32
		{419DA54C-3E93-4560-9963-9B9E944F8394}.Static_Release|Win32.Build.0 = Release|Win32
		{6A69773C-0C70-4BD4-8362-C274CAFD58F2}.Debug|Win32.ActiveCfg = Debug|Win32
		{6A69773C-0C70-4BD4-8362-C274CAFD58F2}.Debug|Win32.Build.0 = Debug|Win32
		{6A69773C-0C70-4BD4-8362-C274CAFD58F2}.Release|Win32.ActiveCfg = Release|Win32
		{6A69773C-0C70-4BD4-8362-C274CAFD58F2}.Release|Win32.Build.0 = Release|Win32
		{6A69773C-0C70-4BD4-8362-C274CAFD58F2}.Static_Debug|Win32.ActiveCfg = Debug|Win32
		{6A69773C-0C70-4BD4-8362-C274CAFD58F2}.Static_Debug|Win32.Build.0 = Debug|Win32
		{6A69773C-0C70-4BD4-8362-C274CAFD58F2}.Static_Release|Win32.ActiveCfg = Release|Win32
		{6A69773C-0C70-4BD4-8362-C274CAFD58F2}.Static_Release|Win32.Build.0 = Release|Win32
	EndGlobalSection
	GlobalSection(SolutionProperties) = preSolution
		HideSolutionNode = FALSE
	EndGlobalSection
	GlobalSection(NestedProjects) = preSolution
		{8E2F0B2E-2596-4010-BF4A-2F688975B5C1} = {EAF90198-11FF-4D34-8C1F-453AA2D82571}
		{B3E45009-C7C3-4090-837C-2D30C9058443} = {EAF90198-11FF-4D34-8C1F-453AA2D82571}
		{52814B0D-7DCA-45B8-9A16-8B147040D619} = {EAF90198-11FF-4D34-8C1F-453AA2D82571}
		{AA46AF16-9678-4054-8E48-98DC21ECEC82} = {EAF90198-11FF-4D34-8C1F-453AA2D82571}
		{7522A458-92F4-4259-B906-E84C2A65D9F1} = {EAF90198-11FF-4D34-8C1F-453AA2D82571}
		{99B7D02F-8C70-4B45-AF3C-92313C3CEE15} = {EAF90198-11FF-4D34-8C1F-453AA2D82571}
		{6BC9B796-10C6-4CF7-A6E4-E2DACCDA84DA} = {EAF90198-11FF-4D34-8C1F-453AA2D82571}
		{E45DB518-6562-4033-80E8-60030F0B169F} = {EAF90198-11FF-4D34-8C1F-453AA2D82571}
		{215DCB57-9E19-4075-9569-E93DAB3F8E18} = {EAF90198-11FF-4D34-8C1F-453AA2D82571}
		{0B51DC78-8C7A-428A-AB24-A63AD98A9387} = {89914F45-338A-4BA8-BAEB-4CEBEB109AAE}
		{6B49322E-5121-4A81-86FF-15C4DE6F7AE6} = {89914F45-338A-4BA8-BAEB-4CEBEB109AAE}
		{419DA54C-3E93-4560-9963-9B9E944F8394} = {215DCB57-9E19-4075-9569-E93DAB3F8E18}
		{6A69773C-0C70-4BD4-8362-C274CAFD58F2} = {215DCB57-9E19-4075-9569-E93DAB3F8E18}
	EndGlobalSection
EndGlobal
