
Microsoft Visual Studio Solution File, Format Version 10.00
# Visual Studio 2008
Project("{2150E333-8FDC-42A3-9474-1A3956D46DE8}") = "doubango", "doubango", "{A517EE48-1396-489D-BCAD-AC4AAC437E56}"
EndProject
Project("{8BC9CEB8-8B4A-11D0-8D11-00A0C91BC942}") = "tinySAK", "thirdparties\source\doubango\tinySAK\tinySAK.vcproj", "{6BC9B796-10C6-4CF7-A6E4-E2DACCDA84DA}"
EndProject
Project("{8BC9CEB8-8B4A-11D0-8D11-00A0C91BC942}") = "tinyNET", "thirdparties\source\doubango\tinyNET\tinyNET.vcproj", "{7522A458-92F4-4259-B906-E84C2A65D9F1}"
	ProjectSection(ProjectDependencies) = postProject
		{6BC9B796-10C6-4CF7-A6E4-E2DACCDA84DA} = {6BC9B796-10C6-4CF7-A6E4-E2DACCDA84DA}
	EndProjectSection
EndProject
Project("{8BC9CEB8-8B4A-11D0-8D11-00A0C91BC942}") = "tinyRTP", "thirdparties\source\doubango\tinyRTP\tinyRTP.vcproj", "{99B7D02F-8C70-4B45-AF3C-92313C3CEE15}"
	ProjectSection(ProjectDependencies) = postProject
		{52814B0D-7DCA-45B8-9A16-8B147040D619} = {52814B0D-7DCA-45B8-9A16-8B147040D619}
		{7522A458-92F4-4259-B906-E84C2A65D9F1} = {7522A458-92F4-4259-B906-E84C2A65D9F1}
		{6BC9B796-10C6-4CF7-A6E4-E2DACCDA84DA} = {6BC9B796-10C6-4CF7-A6E4-E2DACCDA84DA}
	EndProjectSection
EndProject
Project("{8BC9CEB8-8B4A-11D0-8D11-00A0C91BC942}") = "tinyDAV", "thirdparties\source\doubango\tinyDAV\tinyDAV.vcproj", "{8E2F0B2E-2596-4010-BF4A-2F688975B5C1}"
	ProjectSection(ProjectDependencies) = postProject
		{52814B0D-7DCA-45B8-9A16-8B147040D619} = {52814B0D-7DCA-45B8-9A16-8B147040D619}
		{AA46AF16-9678-4054-8E48-98DC21ECEC82} = {AA46AF16-9678-4054-8E48-98DC21ECEC82}
		{E45DB518-6562-4033-80E8-60030F0B169F} = {E45DB518-6562-4033-80E8-60030F0B169F}
		{99B7D02F-8C70-4B45-AF3C-92313C3CEE15} = {99B7D02F-8C70-4B45-AF3C-92313C3CEE15}
		{7522A458-92F4-4259-B906-E84C2A65D9F1} = {7522A458-92F4-4259-B906-E84C2A65D9F1}
		{6BC9B796-10C6-4CF7-A6E4-E2DACCDA84DA} = {6BC9B796-10C6-4CF7-A6E4-E2DACCDA84DA}
	EndProjectSection
EndProject
Project("{8BC9CEB8-8B4A-11D0-8D11-00A0C91BC942}") = "tinyMEDIA", "thirdparties\source\doubango\tinyMEDIA\tinyMEDIA.vcproj", "{52814B0D-7DCA-45B8-9A16-8B147040D619}"
	ProjectSection(ProjectDependencies) = postProject
		{7522A458-92F4-4259-B906-E84C2A65D9F1} = {7522A458-92F4-4259-B906-E84C2A65D9F1}
		{6BC9B796-10C6-4CF7-A6E4-E2DACCDA84DA} = {6BC9B796-10C6-4CF7-A6E4-E2DACCDA84DA}
	EndProjectSection
EndProject
Project("{8BC9CEB8-8B4A-11D0-8D11-00A0C91BC942}") = "tinyMSRP", "thirdparties\source\doubango\tinyMSRP\tinyMSRP.vcproj", "{AA46AF16-9678-4054-8E48-98DC21ECEC82}"
	ProjectSection(ProjectDependencies) = postProject
		{B3E45009-C7C3-4090-837C-2D30C9058443} = {B3E45009-C7C3-4090-837C-2D30C9058443}
		{7522A458-92F4-4259-B906-E84C2A65D9F1} = {7522A458-92F4-4259-B906-E84C2A65D9F1}
		{6BC9B796-10C6-4CF7-A6E4-E2DACCDA84DA} = {6BC9B796-10C6-4CF7-A6E4-E2DACCDA84DA}
	EndProjectSection
EndProject
Project("{8BC9CEB8-8B4A-11D0-8D11-00A0C91BC942}") = "tinySDP", "thirdparties\source\doubango\tinySDP\tinySDP.vcproj", "{E45DB518-6562-4033-80E8-60030F0B169F}"
	ProjectSection(ProjectDependencies) = postProject
		{6BC9B796-10C6-4CF7-A6E4-E2DACCDA84DA} = {6BC9B796-10C6-4CF7-A6E4-E2DACCDA84DA}
	EndProjectSection
EndProject
Project("{2150E333-8FDC-42A3-9474-1A3956D46DE8}") = "plugins", "plugins", "{8BAE6EA0-8809-4C49-B76A-0CC0969FFCCF}"
EndProject
Project("{8BC9CEB8-8B4A-11D0-8D11-00A0C91BC942}") = "webrtc4ie", "ie\webrtc4ie.vcproj", "{9B2F5906-27A5-4A7A-96CD-8675FEBA25AE}"
	ProjectSection(ProjectDependencies) = postProject
		{B3E45009-C7C3-4090-837C-2D30C9058443} = {B3E45009-C7C3-4090-837C-2D30C9058443}
		{52814B0D-7DCA-45B8-9A16-8B147040D619} = {52814B0D-7DCA-45B8-9A16-8B147040D619}
		{AA46AF16-9678-4054-8E48-98DC21ECEC82} = {AA46AF16-9678-4054-8E48-98DC21ECEC82}
		{E45DB518-6562-4033-80E8-60030F0B169F} = {E45DB518-6562-4033-80E8-60030F0B169F}
		{8E2F0B2E-2596-4010-BF4A-2F688975B5C1} = {8E2F0B2E-2596-4010-BF4A-2F688975B5C1}
		{99B7D02F-8C70-4B45-AF3C-92313C3CEE15} = {99B7D02F-8C70-4B45-AF3C-92313C3CEE15}
		{6A69773C-0C70-4BD4-8362-C274CAFD58F2} = {6A69773C-0C70-4BD4-8362-C274CAFD58F2}
		{E8596446-CB3A-4AD5-83C3-6562EE426494} = {E8596446-CB3A-4AD5-83C3-6562EE426494}
		{7522A458-92F4-4259-B906-E84C2A65D9F1} = {7522A458-92F4-4259-B906-E84C2A65D9F1}
		{97008E5F-C6FC-4748-BE0D-50400E6764CB} = {97008E5F-C6FC-4748-BE0D-50400E6764CB}
		{6BC9B796-10C6-4CF7-A6E4-E2DACCDA84DA} = {6BC9B796-10C6-4CF7-A6E4-E2DACCDA84DA}
	EndProjectSection
EndProject
Project("{8BC9CEB8-8B4A-11D0-8D11-00A0C91BC942}") = "webrtc4npapi", "npapi\webrtc4npapi.vcproj", "{EB8CCC23-AC05-468D-B6F4-601B04C53671}"
	ProjectSection(ProjectDependencies) = postProject
		{B3E45009-C7C3-4090-837C-2D30C9058443} = {B3E45009-C7C3-4090-837C-2D30C9058443}
		{52814B0D-7DCA-45B8-9A16-8B147040D619} = {52814B0D-7DCA-45B8-9A16-8B147040D619}
		{AA46AF16-9678-4054-8E48-98DC21ECEC82} = {AA46AF16-9678-4054-8E48-98DC21ECEC82}
		{E45DB518-6562-4033-80E8-60030F0B169F} = {E45DB518-6562-4033-80E8-60030F0B169F}
		{8E2F0B2E-2596-4010-BF4A-2F688975B5C1} = {8E2F0B2E-2596-4010-BF4A-2F688975B5C1}
		{99B7D02F-8C70-4B45-AF3C-92313C3CEE15} = {99B7D02F-8C70-4B45-AF3C-92313C3CEE15}
		{6A69773C-0C70-4BD4-8362-C274CAFD58F2} = {6A69773C-0C70-4BD4-8362-C274CAFD58F2}
		{E8596446-CB3A-4AD5-83C3-6562EE426494} = {E8596446-CB3A-4AD5-83C3-6562EE426494}
		{7522A458-92F4-4259-B906-E84C2A65D9F1} = {7522A458-92F4-4259-B906-E84C2A65D9F1}
		{97008E5F-C6FC-4748-BE0D-50400E6764CB} = {97008E5F-C6FC-4748-BE0D-50400E6764CB}
		{6BC9B796-10C6-4CF7-A6E4-E2DACCDA84DA} = {6BC9B796-10C6-4CF7-A6E4-E2DACCDA84DA}
	EndProjectSection
EndProject
Project("{54435603-DBB4-11D2-8724-00A0C9A8B90C}") = "setup", "setup\setup.vdproj", "{04CB65C8-D331-4D52-86BA-1AA95F22E794}"
	ProjectSection(ProjectDependencies) = postProject
		{B3E45009-C7C3-4090-837C-2D30C9058443} = {B3E45009-C7C3-4090-837C-2D30C9058443}
		{52814B0D-7DCA-45B8-9A16-8B147040D619} = {52814B0D-7DCA-45B8-9A16-8B147040D619}
		{AA46AF16-9678-4054-8E48-98DC21ECEC82} = {AA46AF16-9678-4054-8E48-98DC21ECEC82}
		{E45DB518-6562-4033-80E8-60030F0B169F} = {E45DB518-6562-4033-80E8-60030F0B169F}
		{8E2F0B2E-2596-4010-BF4A-2F688975B5C1} = {8E2F0B2E-2596-4010-BF4A-2F688975B5C1}
		{99B7D02F-8C70-4B45-AF3C-92313C3CEE15} = {99B7D02F-8C70-4B45-AF3C-92313C3CEE15}
		{6A69773C-0C70-4BD4-8362-C274CAFD58F2} = {6A69773C-0C70-4BD4-8362-C274CAFD58F2}
		{E8596446-CB3A-4AD5-83C3-6562EE426494} = {E8596446-CB3A-4AD5-83C3-6562EE426494}
		{7522A458-92F4-4259-B906-E84C2A65D9F1} = {7522A458-92F4-4259-B906-E84C2A65D9F1}
		{97008E5F-C6FC-4748-BE0D-50400E6764CB} = {97008E5F-C6FC-4748-BE0D-50400E6764CB}
		{6BC9B796-10C6-4CF7-A6E4-E2DACCDA84DA} = {6BC9B796-10C6-4CF7-A6E4-E2DACCDA84DA}
	EndProjectSection
EndProject
Project("{8BC9CEB8-8B4A-11D0-8D11-00A0C91BC942}") = "tinyHTTP", "thirdparties\source\doubango\tinyHTTP\tinyHTTP.vcproj", "{B3E45009-C7C3-4090-837C-2D30C9058443}"
	ProjectSection(ProjectDependencies) = postProject
		{7522A458-92F4-4259-B906-E84C2A65D9F1} = {7522A458-92F4-4259-B906-E84C2A65D9F1}
		{6BC9B796-10C6-4CF7-A6E4-E2DACCDA84DA} = {6BC9B796-10C6-4CF7-A6E4-E2DACCDA84DA}
	EndProjectSection
EndProject
Project("{2150E333-8FDC-42A3-9474-1A3956D46DE8}") = "plugins", "plugins", "{1ACA679A-C986-4CEE-82EA-3022840EC932}"
EndProject
Project("{8BC9CEB8-8B4A-11D0-8D11-00A0C91BC942}") = "pluginDirectShow", "thirdparties\source\doubango\plugins\pluginDirectShow\pluginDirectShow.vcproj", "{6A69773C-0C70-4BD4-8362-C274CAFD58F2}"
	ProjectSection(ProjectDependencies) = postProject
		{52814B0D-7DCA-45B8-9A16-8B147040D619} = {52814B0D-7DCA-45B8-9A16-8B147040D619}
		{6BC9B796-10C6-4CF7-A6E4-E2DACCDA84DA} = {6BC9B796-10C6-4CF7-A6E4-E2DACCDA84DA}
	EndProjectSection
EndProject
Project("{8BC9CEB8-8B4A-11D0-8D11-00A0C91BC942}") = "pluginWinMF", "thirdparties\source\doubango\plugins\pluginWinMF\pluginWinMF.vcproj", "{E8596446-CB3A-4AD5-83C3-6562EE426494}"
	ProjectSection(ProjectDependencies) = postProject
		{52814B0D-7DCA-45B8-9A16-8B147040D619} = {52814B0D-7DCA-45B8-9A16-8B147040D619}
		{6BC9B796-10C6-4CF7-A6E4-E2DACCDA84DA} = {6BC9B796-10C6-4CF7-A6E4-E2DACCDA84DA}
	EndProjectSection
EndProject
Project("{8BC9CEB8-8B4A-11D0-8D11-00A0C91BC942}") = "pluginCUDA", "thirdparties\source\doubango\plugins\pluginCUDA\pluginCUDA.vcproj", "{97008E5F-C6FC-4748-BE0D-50400E6764CB}"
	ProjectSection(ProjectDependencies) = postProject
		{52814B0D-7DCA-45B8-9A16-8B147040D619} = {52814B0D-7DCA-45B8-9A16-8B147040D619}
		{6BC9B796-10C6-4CF7-A6E4-E2DACCDA84DA} = {6BC9B796-10C6-4CF7-A6E4-E2DACCDA84DA}
	EndProjectSection
EndProject
Global
	GlobalSection(SolutionConfigurationPlatforms) = preSolution
		Debug|Win32 = Debug|Win32
		Release|Win32 = Release|Win32
		Static_Debug|Win32 = Static_Debug|Win32
		Static_Release|Win32 = Static_Release|Win32
	EndGlobalSection
	GlobalSection(ProjectConfigurationPlatforms) = postSolution
		{6BC9B796-10C6-4CF7-A6E4-E2DACCDA84DA}.Debug|Win32.ActiveCfg = Debug|Win32
		{6BC9B796-10C6-4CF7-A6E4-E2DACCDA84DA}.Debug|Win32.Build.0 = Debug|Win32
		{6BC9B796-10C6-4CF7-A6E4-E2DACCDA84DA}.Release|Win32.ActiveCfg = Release|Win32
		{6BC9B796-10C6-4CF7-A6E4-E2DACCDA84DA}.Release|Win32.Build.0 = Release|Win32
		{6BC9B796-10C6-4CF7-A6E4-E2DACCDA84DA}.Static_Debug|Win32.ActiveCfg = Static_Debug|Win32
		{6BC9B796-10C6-4CF7-A6E4-E2DACCDA84DA}.Static_Debug|Win32.Build.0 = Static_Debug|Win32
		{6BC9B796-10C6-4CF7-A6E4-E2DACCDA84DA}.Static_Release|Win32.ActiveCfg = Static_Release|Win32
		{6BC9B796-10C6-4CF7-A6E4-E2DACCDA84DA}.Static_Release|Win32.Build.0 = Static_Release|Win32
		{7522A458-92F4-4259-B906-E84C2A65D9F1}.Debug|Win32.ActiveCfg = Debug|Win32
		{7522A458-92F4-4259-B906-E84C2A65D9F1}.Debug|Win32.Build.0 = Debug|Win32
		{7522A458-92F4-4259-B906-E84C2A65D9F1}.Release|Win32.ActiveCfg = Release|Win32
		{7522A458-92F4-4259-B906-E84C2A65D9F1}.Release|Win32.Build.0 = Release|Win32
		{7522A458-92F4-4259-B906-E84C2A65D9F1}.Static_Debug|Win32.ActiveCfg = Debug|Win32
		{7522A458-92F4-4259-B906-E84C2A65D9F1}.Static_Debug|Win32.Build.0 = Debug|Win32
		{7522A458-92F4-4259-B906-E84C2A65D9F1}.Static_Release|Win32.ActiveCfg = Release|Win32
		{7522A458-92F4-4259-B906-E84C2A65D9F1}.Static_Release|Win32.Build.0 = Release|Win32
		{99B7D02F-8C70-4B45-AF3C-92313C3CEE15}.Debug|Win32.ActiveCfg = Debug|Win32
		{99B7D02F-8C70-4B45-AF3C-92313C3CEE15}.Debug|Win32.Build.0 = Debug|Win32
		{99B7D02F-8C70-4B45-AF3C-92313C3CEE15}.Release|Win32.ActiveCfg = Release|Win32
		{99B7D02F-8C70-4B45-AF3C-92313C3CEE15}.Release|Win32.Build.0 = Release|Win32
		{99B7D02F-8C70-4B45-AF3C-92313C3CEE15}.Static_Debug|Win32.ActiveCfg = Debug|Win32
		{99B7D02F-8C70-4B45-AF3C-92313C3CEE15}.Static_Debug|Win32.Build.0 = Debug|Win32
		{99B7D02F-8C70-4B45-AF3C-92313C3CEE15}.Static_Release|Win32.ActiveCfg = Release|Win32
		{99B7D02F-8C70-4B45-AF3C-92313C3CEE15}.Static_Release|Win32.Build.0 = Release|Win32
		{8E2F0B2E-2596-4010-BF4A-2F688975B5C1}.Debug|Win32.ActiveCfg = Debug|Win32
		{8E2F0B2E-2596-4010-BF4A-2F688975B5C1}.Debug|Win32.Build.0 = Debug|Win32
		{8E2F0B2E-2596-4010-BF4A-2F688975B5C1}.Release|Win32.ActiveCfg = Release|Win32
		{8E2F0B2E-2596-4010-BF4A-2F688975B5C1}.Release|Win32.Build.0 = Release|Win32
		{8E2F0B2E-2596-4010-BF4A-2F688975B5C1}.Static_Debug|Win32.ActiveCfg = Debug|Win32
		{8E2F0B2E-2596-4010-BF4A-2F688975B5C1}.Static_Debug|Win32.Build.0 = Debug|Win32
		{8E2F0B2E-2596-4010-BF4A-2F688975B5C1}.Static_Release|Win32.ActiveCfg = Release|Win32
		{8E2F0B2E-2596-4010-BF4A-2F688975B5C1}.Static_Release|Win32.Build.0 = Release|Win32
		{52814B0D-7DCA-45B8-9A16-8B147040D619}.Debug|Win32.ActiveCfg = Debug|Win32
		{52814B0D-7DCA-45B8-9A16-8B147040D619}.Debug|Win32.Build.0 = Debug|Win32
		{52814B0D-7DCA-45B8-9A16-8B147040D619}.Release|Win32.ActiveCfg = Release|Win32
		{52814B0D-7DCA-45B8-9A16-8B147040D619}.Release|Win32.Build.0 = Release|Win32
		{52814B0D-7DCA-45B8-9A16-8B147040D619}.Static_Debug|Win32.ActiveCfg = Debug|Win32
		{52814B0D-7DCA-45B8-9A16-8B147040D619}.Static_Debug|Win32.Build.0 = Debug|Win32
		{52814B0D-7DCA-45B8-9A16-8B147040D619}.Static_Release|Win32.ActiveCfg = Release|Win32
		{52814B0D-7DCA-45B8-9A16-8B147040D619}.Static_Release|Win32.Build.0 = Release|Win32
		{AA46AF16-9678-4054-8E48-98DC21ECEC82}.Debug|Win32.ActiveCfg = Debug|Win32
		{AA46AF16-9678-4054-8E48-98DC21ECEC82}.Debug|Win32.Build.0 = Debug|Win32
		{AA46AF16-9678-4054-8E48-98DC21ECEC82}.Release|Win32.ActiveCfg = Release|Win32
		{AA46AF16-9678-4054-8E48-98DC21ECEC82}.Release|Win32.Build.0 = Release|Win32
		{AA46AF16-9678-4054-8E48-98DC21ECEC82}.Static_Debug|Win32.ActiveCfg = Debug|Win32
		{AA46AF16-9678-4054-8E48-98DC21ECEC82}.Static_Debug|Win32.Build.0 = Debug|Win32
		{AA46AF16-9678-4054-8E48-98DC21ECEC82}.Static_Release|Win32.ActiveCfg = Release|Win32
		{AA46AF16-9678-4054-8E48-98DC21ECEC82}.Static_Release|Win32.Build.0 = Release|Win32
		{E45DB518-6562-4033-80E8-60030F0B169F}.Debug|Win32.ActiveCfg = Debug|Win32
		{E45DB518-6562-4033-80E8-60030F0B169F}.Debug|Win32.Build.0 = Debug|Win32
		{E45DB518-6562-4033-80E8-60030F0B169F}.Release|Win32.ActiveCfg = Release|Win32
		{E45DB518-6562-4033-80E8-60030F0B169F}.Release|Win32.Build.0 = Release|Win32
		{E45DB518-6562-4033-80E8-60030F0B169F}.Static_Debug|Win32.ActiveCfg = Debug|Win32
		{E45DB518-6562-4033-80E8-60030F0B169F}.Static_Debug|Win32.Build.0 = Debug|Win32
		{E45DB518-6562-4033-80E8-60030F0B169F}.Static_Release|Win32.ActiveCfg = Release|Win32
		{E45DB518-6562-4033-80E8-60030F0B169F}.Static_Release|Win32.Build.0 = Release|Win32
		{9B2F5906-27A5-4A7A-96CD-8675FEBA25AE}.Debug|Win32.ActiveCfg = Debug|Win32
		{9B2F5906-27A5-4A7A-96CD-8675FEBA25AE}.Debug|Win32.Build.0 = Debug|Win32
		{9B2F5906-27A5-4A7A-96CD-8675FEBA25AE}.Release|Win32.ActiveCfg = Release|Win32
		{9B2F5906-27A5-4A7A-96CD-8675FEBA25AE}.Release|Win32.Build.0 = Release|Win32
		{9B2F5906-27A5-4A7A-96CD-8675FEBA25AE}.Static_Debug|Win32.ActiveCfg = Debug|Win32
		{9B2F5906-27A5-4A7A-96CD-8675FEBA25AE}.Static_Debug|Win32.Build.0 = Debug|Win32
		{9B2F5906-27A5-4A7A-96CD-8675FEBA25AE}.Static_Release|Win32.ActiveCfg = Release|Win32
		{9B2F5906-27A5-4A7A-96CD-8675FEBA25AE}.Static_Release|Win32.Build.0 = Release|Win32
		{EB8CCC23-AC05-468D-B6F4-601B04C53671}.Debug|Win32.ActiveCfg = Debug|Win32
		{EB8CCC23-AC05-468D-B6F4-601B04C53671}.Debug|Win32.Build.0 = Debug|Win32
		{EB8CCC23-AC05-468D-B6F4-601B04C53671}.Release|Win32.ActiveCfg = Release|Win32
		{EB8CCC23-AC05-468D-B6F4-601B04C53671}.Release|Win32.Build.0 = Release|Win32
		{EB8CCC23-AC05-468D-B6F4-601B04C53671}.Static_Debug|Win32.ActiveCfg = Debug|Win32
		{EB8CCC23-AC05-468D-B6F4-601B04C53671}.Static_Debug|Win32.Build.0 = Debug|Win32
		{EB8CCC23-AC05-468D-B6F4-601B04C53671}.Static_Release|Win32.ActiveCfg = Release|Win32
		{EB8CCC23-AC05-468D-B6F4-601B04C53671}.Static_Release|Win32.Build.0 = Release|Win32
		{04CB65C8-D331-4D52-86BA-1AA95F22E794}.Debug|Win32.ActiveCfg = Debug
		{04CB65C8-D331-4D52-86BA-1AA95F22E794}.Release|Win32.ActiveCfg = Release
		{04CB65C8-D331-4D52-86BA-1AA95F22E794}.Static_Debug|Win32.ActiveCfg = Debug
		{04CB65C8-D331-4D52-86BA-1AA95F22E794}.Static_Release|Win32.ActiveCfg = Release
		{B3E45009-C7C3-4090-837C-2D30C9058443}.Debug|Win32.ActiveCfg = Debug|Win32
		{B3E45009-C7C3-4090-837C-2D30C9058443}.Debug|Win32.Build.0 = Debug|Win32
		{B3E45009-C7C3-4090-837C-2D30C9058443}.Release|Win32.ActiveCfg = Release|Win32
		{B3E45009-C7C3-4090-837C-2D30C9058443}.Release|Win32.Build.0 = Release|Win32
		{B3E45009-C7C3-4090-837C-2D30C9058443}.Static_Debug|Win32.ActiveCfg = Debug|Win32
		{B3E45009-C7C3-4090-837C-2D30C9058443}.Static_Debug|Win32.Build.0 = Debug|Win32
		{B3E45009-C7C3-4090-837C-2D30C9058443}.Static_Release|Win32.ActiveCfg = Release|Win32
		{B3E45009-C7C3-4090-837C-2D30C9058443}.Static_Release|Win32.Build.0 = Release|Win32
		{6A69773C-0C70-4BD4-8362-C274CAFD58F2}.Debug|Win32.ActiveCfg = Debug|Win32
		{6A69773C-0C70-4BD4-8362-C274CAFD58F2}.Debug|Win32.Build.0 = Debug|Win32
		{6A69773C-0C70-4BD4-8362-C274CAFD58F2}.Release|Win32.ActiveCfg = Release|Win32
		{6A69773C-0C70-4BD4-8362-C274CAFD58F2}.Release|Win32.Build.0 = Release|Win32
		{6A69773C-0C70-4BD4-8362-C274CAFD58F2}.Static_Debug|Win32.ActiveCfg = Debug|Win32
		{6A69773C-0C70-4BD4-8362-C274CAFD58F2}.Static_Debug|Win32.Build.0 = Debug|Win32
		{6A69773C-0C70-4BD4-8362-C274CAFD58F2}.Static_Release|Win32.ActiveCfg = Release|Win32
		{6A69773C-0C70-4BD4-8362-C274CAFD58F2}.Static_Release|Win32.Build.0 = Release|Win32
		{E8596446-CB3A-4AD5-83C3-6562EE426494}.Debug|Win32.ActiveCfg = Debug|Win32
		{E8596446-CB3A-4AD5-83C3-6562EE426494}.Debug|Win32.Build.0 = Debug|Win32
		{E8596446-CB3A-4AD5-83C3-6562EE426494}.Release|Win32.ActiveCfg = Release|Win32
		{E8596446-CB3A-4AD5-83C3-6562EE426494}.Release|Win32.Build.0 = Release|Win32
		{E8596446-CB3A-4AD5-83C3-6562EE426494}.Static_Debug|Win32.ActiveCfg = Debug|Win32
		{E8596446-CB3A-4AD5-83C3-6562EE426494}.Static_Debug|Win32.Build.0 = Debug|Win32
		{E8596446-CB3A-4AD5-83C3-6562EE426494}.Static_Release|Win32.ActiveCfg = Release|Win32
		{E8596446-CB3A-4AD5-83C3-6562EE426494}.Static_Release|Win32.Build.0 = Release|Win32
		{97008E5F-C6FC-4748-BE0D-50400E6764CB}.Debug|Win32.ActiveCfg = Debug|Win32
		{97008E5F-C6FC-4748-BE0D-50400E6764CB}.Debug|Win32.Build.0 = Debug|Win32
		{97008E5F-C6FC-4748-BE0D-50400E6764CB}.Release|Win32.ActiveCfg = Release|Win32
		{97008E5F-C6FC-4748-BE0D-50400E6764CB}.Release|Win32.Build.0 = Release|Win32
		{97008E5F-C6FC-4748-BE0D-50400E6764CB}.Static_Debug|Win32.ActiveCfg = Debug|Win32
		{97008E5F-C6FC-4748-BE0D-50400E6764CB}.Static_Debug|Win32.Build.0 = Debug|Win32
		{97008E5F-C6FC-4748-BE0D-50400E6764CB}.Static_Release|Win32.ActiveCfg = Release|Win32
		{97008E5F-C6FC-4748-BE0D-50400E6764CB}.Static_Release|Win32.Build.0 = Release|Win32
	EndGlobalSection
	GlobalSection(SolutionProperties) = preSolution
		HideSolutionNode = FALSE
	EndGlobalSection
	GlobalSection(NestedProjects) = preSolution
		{6BC9B796-10C6-4CF7-A6E4-E2DACCDA84DA} = {A517EE48-1396-489D-BCAD-AC4AAC437E56}
		{7522A458-92F4-4259-B906-E84C2A65D9F1} = {A517EE48-1396-489D-BCAD-AC4AAC437E56}
		{99B7D02F-8C70-4B45-AF3C-92313C3CEE15} = {A517EE48-1396-489D-BCAD-AC4AAC437E56}
		{8E2F0B2E-2596-4010-BF4A-2F688975B5C1} = {A517EE48-1396-489D-BCAD-AC4AAC437E56}
		{52814B0D-7DCA-45B8-9A16-8B147040D619} = {A517EE48-1396-489D-BCAD-AC4AAC437E56}
		{AA46AF16-9678-4054-8E48-98DC21ECEC82} = {A517EE48-1396-489D-BCAD-AC4AAC437E56}
		{E45DB518-6562-4033-80E8-60030F0B169F} = {A517EE48-1396-489D-BCAD-AC4AAC437E56}
		{B3E45009-C7C3-4090-837C-2D30C9058443} = {A517EE48-1396-489D-BCAD-AC4AAC437E56}
		{1ACA679A-C986-4CEE-82EA-3022840EC932} = {A517EE48-1396-489D-BCAD-AC4AAC437E56}
		{9B2F5906-27A5-4A7A-96CD-8675FEBA25AE} = {8BAE6EA0-8809-4C49-B76A-0CC0969FFCCF}
		{EB8CCC23-AC05-468D-B6F4-601B04C53671} = {8BAE6EA0-8809-4C49-B76A-0CC0969FFCCF}
		{04CB65C8-D331-4D52-86BA-1AA95F22E794} = {8BAE6EA0-8809-4C49-B76A-0CC0969FFCCF}
		{6A69773C-0C70-4BD4-8362-C274CAFD58F2} = {1ACA679A-C986-4CEE-82EA-3022840EC932}
		{E8596446-CB3A-4AD5-83C3-6562EE426494} = {1ACA679A-C986-4CEE-82EA-3022840EC932}
		{97008E5F-C6FC-4748-BE0D-50400E6764CB} = {1ACA679A-C986-4CEE-82EA-3022840EC932}
	EndGlobalSection
EndGlobal
