<?xml version="1.0" encoding="utf-8"?>
<Project ToolsVersion="4.0" xmlns="http://schemas.microsoft.com/developer/msbuild/2003">
  <ItemGroup>
    <Filter Include="Source Files">
      <UniqueIdentifier>{4FC737F1-C7A5-4376-A066-2A32D752A2FF}</UniqueIdentifier>
      <Extensions>cpp;c;cc;cxx;def;odl;idl;hpj;bat;asm;asmx</Extensions>
    </Filter>
    <Filter Include="Source Files\common">
      <UniqueIdentifier>{22680bcf-5fcf-4423-a705-6f5c207eb964}</UniqueIdentifier>
    </Filter>
    <Filter Include="Header Files">
      <UniqueIdentifier>{93995380-89BD-4b04-88EB-625FBE52EBFB}</UniqueIdentifier>
      <Extensions>h;hpp;hxx;hm;inl;inc;xsd</Extensions>
    </Filter>
    <Filter Include="Header Files\common">
      <UniqueIdentifier>{a7e43b40-fc8b-4511-8dcb-c9c207b676da}</UniqueIdentifier>
    </Filter>
    <Filter Include="Resource Files">
      <UniqueIdentifier>{67DA6AB6-F800-4c08-8B7A-83BB121AAD01}</UniqueIdentifier>
      <Extensions>rc;ico;cur;bmp;dlg;rc2;rct;bin;rgs;gif;jpg;jpeg;jpe;resx;tiff;tif;png;wav</Extensions>
    </Filter>
  </ItemGroup>
  <ItemGroup>
    <ClCompile Include="_NPObject.cc">
      <Filter>Source Files</Filter>
    </ClCompile>
    <ClCompile Include="Display.cc">
      <Filter>Source Files</Filter>
    </ClCompile>
    <ClCompile Include="dllmain.c">
      <Filter>Source Files</Filter>
    </ClCompile>
    <ClCompile Include="NetTransport.cc">
      <Filter>Source Files</Filter>
    </ClCompile>
    <ClCompile Include="PeerConnection.cc">
      <Filter>Source Files</Filter>
    </ClCompile>
    <ClCompile Include="plugin.cc">
      <Filter>Source Files</Filter>
    </ClCompile>
    <ClCompile Include="SessionDescription.cc">
      <Filter>Source Files</Filter>
    </ClCompile>
    <ClCompile Include="Utils.cc">
      <Filter>Source Files</Filter>
    </ClCompile>
    <ClCompile Include="WebRtc4npapi.cc">
      <Filter>Source Files</Filter>
    </ClCompile>
    <ClCompile Include="..\common\_NetTransport.cc">
      <Filter>Source Files\common</Filter>
    </ClCompile>
    <ClCompile Include="..\common\_PeerConnection.cc">
      <Filter>Source Files\common</Filter>
    </ClCompile>
    <ClCompile Include="..\common\_PluginInstance.cc">
      <Filter>Source Files\common</Filter>
    </ClCompile>
    <ClCompile Include="..\common\_SessionDescription.cc">
      <Filter>Source Files\common</Filter>
    </ClCompile>
    <ClCompile Include="..\common\_Utils.cc">
      <Filter>Source Files\common</Filter>
    </ClCompile>
  </ItemGroup>
  <ItemGroup>
    <None Include="webrtc4npapi.def">
      <Filter>Source Files</Filter>
    </None>
  </ItemGroup>
  <ItemGroup>
    <ClInclude Include="_NPObject.h">
      <Filter>Header Files</Filter>
    </ClInclude>
    <ClInclude Include="Display.h">
      <Filter>Header Files</Filter>
    </ClInclude>
    <ClInclude Include="NetTransport.h">
      <Filter>Header Files</Filter>
    </ClInclude>
    <ClInclude Include="PeerConnection.h">
      <Filter>Header Files</Filter>
    </ClInclude>
    <ClInclude Include="plugin.h">
      <Filter>Header Files</Filter>
    </ClInclude>
    <ClInclude Include="resource.h">
      <Filter>Header Files</Filter>
    </ClInclude>
    <ClInclude Include="SessionDescription.h">
      <Filter>Header Files</Filter>
    </ClInclude>
    <ClInclude Include="Utils.h">
      <Filter>Header Files</Filter>
    </ClInclude>
    <ClInclude Include="WebRtc4npapi.h">
      <Filter>Header Files</Filter>
    </ClInclude>
    <ClInclude Include="..\common\_Config.h">
      <Filter>Header Files\common</Filter>
    </ClInclude>
    <ClInclude Include="..\common\_NetTransport.h">
      <Filter>Header Files\common</Filter>
    </ClInclude>
    <ClInclude Include="..\common\_PeerConnection.h">
      <Filter>Header Files\common</Filter>
    </ClInclude>
    <ClInclude Include="..\common\_PluginInstance.h">
      <Filter>Header Files\common</Filter>
    </ClInclude>
    <ClInclude Include="..\common\_SessionDescription.h">
      <Filter>Header Files\common</Filter>
    </ClInclude>
    <ClInclude Include="..\common\_Utils.h">
      <Filter>Header Files\common</Filter>
    </ClInclude>
  </ItemGroup>
  <ItemGroup>
    <ResourceCompile Include="webrtc4npapi.rc">
      <Filter>Resource Files</Filter>
    </ResourceCompile>
  </ItemGroup>
</Project>