<?xml version="1.0" encoding="utf-8"?>
<Project ToolsVersion="4.0" xmlns="http://schemas.microsoft.com/developer/msbuild/2003">
  <ItemGroup>
    <Filter Include="source%28%2a.c%29">
      <UniqueIdentifier>{4FC737F1-C7A5-4376-A066-2A32D752A2FF}</UniqueIdentifier>
      <Extensions>cpp;c;cc;cxx;def;odl;idl;hpj;bat;asm;asmx</Extensions>
    </Filter>
    <Filter Include="include%28%2a.h%29">
      <UniqueIdentifier>{93995380-89BD-4b04-88EB-625FBE52EBFB}</UniqueIdentifier>
      <Extensions>h;hpp;hxx;hm;inl;inc;xsd</Extensions>
    </Filter>
    <Filter Include="resources%28%2a.rc%29">
      <UniqueIdentifier>{67DA6AB6-F800-4c08-8B7A-83BB121AAD01}</UniqueIdentifier>
      <Extensions>rc;ico;cur;bmp;dlg;rc2;rct;bin;rgs;gif;jpg;jpeg;jpe;resx;tiff;tif;png;wav</Extensions>
    </Filter>
  </ItemGroup>
  <ItemGroup>
    <ClCompile Include="..\..\doubango\tinyBFCP\src\tbfcp_attr.c">
      <Filter>source%28%2a.c%29</Filter>
    </ClCompile>
    <ClCompile Include="..\..\doubango\tinyBFCP\src\tbfcp_pkt.c">
      <Filter>source%28%2a.c%29</Filter>
    </ClCompile>
    <ClCompile Include="..\..\doubango\tinyBFCP\src\tbfcp_session.c">
      <Filter>source%28%2a.c%29</Filter>
    </ClCompile>
    <ClCompile Include="..\..\doubango\tinyBFCP\src\tbfcp_utils.c">
      <Filter>source%28%2a.c%29</Filter>
    </ClCompile>
  </ItemGroup>
  <ItemGroup>
    <ClInclude Include="..\..\doubango\tinyBFCP\include\tinybfcp\tbfcp_attr.h">
      <Filter>include%28%2a.h%29</Filter>
    </ClInclude>
    <ClInclude Include="..\..\doubango\tinyBFCP\include\tinybfcp\tbfcp_pkt.h">
      <Filter>include%28%2a.h%29</Filter>
    </ClInclude>
    <ClInclude Include="..\..\doubango\tinyBFCP\include\tinybfcp\tbfcp_session.h">
      <Filter>include%28%2a.h%29</Filter>
    </ClInclude>
    <ClInclude Include="..\..\doubango\tinyBFCP\include\tinybfcp\tbfcp_types.h">
      <Filter>include%28%2a.h%29</Filter>
    </ClInclude>
    <ClInclude Include="..\..\doubango\tinyBFCP\include\tinybfcp\tbfcp_utils.h">
      <Filter>include%28%2a.h%29</Filter>
    </ClInclude>
    <ClInclude Include="..\..\doubango\tinyBFCP\include\tinybfcp.h">
      <Filter>include%28%2a.h%29</Filter>
    </ClInclude>
    <ClInclude Include="..\..\doubango\tinyBFCP\include\tinybfcp_config.h">
      <Filter>include%28%2a.h%29</Filter>
    </ClInclude>
  </ItemGroup>
  <ItemGroup>
    <ResourceCompile Include="..\..\doubango\tinyBFCP\version.rc">
      <Filter>resources%28%2a.rc%29</Filter>
    </ResourceCompile>
  </ItemGroup>
</Project>