<?xml version="1.0" encoding="utf-8"?>
<Project ToolsVersion="4.0" xmlns="http://schemas.microsoft.com/developer/msbuild/2003">
  <ItemGroup>
    <Filter Include="source%28%2a.c%29">
      <UniqueIdentifier>{fe75920c-fab7-4bcb-b365-811189ca327a}</UniqueIdentifier>
    </Filter>
    <Filter Include="source%28%2a.c%29\auth">
      <UniqueIdentifier>{d1364354-9867-4184-bb86-1de2774f4eff}</UniqueIdentifier>
    </Filter>
    <Filter Include="source%28%2a.c%29\headers">
      <UniqueIdentifier>{0542a4e8-49df-430a-a328-822788394d67}</UniqueIdentifier>
    </Filter>
    <Filter Include="source%28%2a.c%29\parsers">
      <UniqueIdentifier>{f4463605-c06c-41bc-9e96-fc7f162e1031}</UniqueIdentifier>
    </Filter>
    <Filter Include="include%28%2a.h%29">
      <UniqueIdentifier>{28922298-2f46-4716-a05b-c61897a0d7ae}</UniqueIdentifier>
    </Filter>
    <Filter Include="include%28%2a.h%29\auth">
      <UniqueIdentifier>{7f161aa9-b976-4205-a4ad-d5d9eff47a05}</UniqueIdentifier>
    </Filter>
    <Filter Include="include%28%2a.h%29\headers">
      <UniqueIdentifier>{54ef4171-c22d-4715-8c6d-2aabccede37d}</UniqueIdentifier>
    </Filter>
    <Filter Include="include%28%2a.h%29\parsers">
      <UniqueIdentifier>{00ad652f-2d86-4e70-ad18-5873a28800ad}</UniqueIdentifier>
    </Filter>
    <Filter Include="abnf%28%2a.abnf%29">
      <UniqueIdentifier>{ab3ffd33-df0e-4e61-9ed3-c98177d200af}</UniqueIdentifier>
    </Filter>
    <Filter Include="ragel%28%2a.rl%29">
      <UniqueIdentifier>{66dc13ce-ca4a-4bac-9da1-c5ef63a2e33d}</UniqueIdentifier>
    </Filter>
  </ItemGroup>
  <ItemGroup>
    <ClCompile Include="..\..\doubango\tinyHTTP\src\thttp.c" />
    <ClCompile Include="..\..\doubango\tinyHTTP\src\thttp_action.c" />
    <ClCompile Include="..\..\doubango\tinyHTTP\src\thttp_dialog.c" />
    <ClCompile Include="..\..\doubango\tinyHTTP\src\thttp_event.c" />
    <ClCompile Include="..\..\doubango\tinyHTTP\src\thttp_message.c" />
    <ClCompile Include="..\..\doubango\tinyHTTP\src\thttp_session.c" />
    <ClCompile Include="..\..\doubango\tinyHTTP\src\thttp_url.c" />
    <ClCompile Include="..\..\doubango\tinyHTTP\src\auth\thttp_auth.c" />
    <ClCompile Include="..\..\doubango\tinyHTTP\src\auth\thttp_challenge.c" />
    <ClCompile Include="..\..\doubango\tinyHTTP\src\headers\thttp_header.c" />
    <ClCompile Include="..\..\doubango\tinyHTTP\src\headers\thttp_header_Authorization.c" />
    <ClCompile Include="..\..\doubango\tinyHTTP\src\headers\thttp_header_Content_Length.c" />
    <ClCompile Include="..\..\doubango\tinyHTTP\src\headers\thttp_header_Content_Type.c" />
    <ClCompile Include="..\..\doubango\tinyHTTP\src\headers\thttp_header_Dummy.c" />
    <ClCompile Include="..\..\doubango\tinyHTTP\src\headers\thttp_header_ETag.c" />
    <ClCompile Include="..\..\doubango\tinyHTTP\src\headers\thttp_header_Sec_WebSocket_Accept.c" />
    <ClCompile Include="..\..\doubango\tinyHTTP\src\headers\thttp_header_Sec_WebSocket_Key.c" />
    <ClCompile Include="..\..\doubango\tinyHTTP\src\headers\thttp_header_Sec_WebSocket_Protocol.c" />
    <ClCompile Include="..\..\doubango\tinyHTTP\src\headers\thttp_header_Sec_WebSocket_Version.c" />
    <ClCompile Include="..\..\doubango\tinyHTTP\src\headers\thttp_header_Transfer_Encoding.c" />
    <ClCompile Include="..\..\doubango\tinyHTTP\src\headers\thttp_header_WWW_Authenticate.c" />
    <ClCompile Include="..\..\doubango\tinyHTTP\src\parsers\thttp_parser_header.c" />
    <ClCompile Include="..\..\doubango\tinyHTTP\src\parsers\thttp_parser_message.c" />
    <ClCompile Include="..\..\doubango\tinyHTTP\src\parsers\thttp_parser_url.c" />
  </ItemGroup>
  <ItemGroup>
    <ClInclude Include="..\..\doubango\tinyHTTP\include\thttp.h" />
    <ClInclude Include="..\..\doubango\tinyHTTP\include\tinyHTTP\thttp_action.h" />
    <ClInclude Include="..\..\doubango\tinyHTTP\include\tinyHTTP\thttp_dialog.h" />
    <ClInclude Include="..\..\doubango\tinyHTTP\include\tinyHTTP\thttp_message.h" />
    <ClInclude Include="..\..\doubango\tinyHTTP\include\tinyHTTP\thttp_session.h" />
    <ClInclude Include="..\..\doubango\tinyHTTP\include\tinyHTTP\thttp_url.h" />
    <ClInclude Include="..\..\doubango\tinyHTTP\include\tinyhttp.h" />
    <ClInclude Include="..\..\doubango\tinyHTTP\include\tinyhttp_config.h" />
    <ClInclude Include="..\..\doubango\tinyHTTP\include\tinyHTTP\auth\thttp_auth.h" />
    <ClInclude Include="..\..\doubango\tinyHTTP\include\tinyHTTP\auth\thttp_challenge.h" />
    <ClInclude Include="..\..\doubango\tinyHTTP\include\tinyHTTP\headers\thttp_header.h" />
    <ClInclude Include="..\..\doubango\tinyHTTP\include\tinyHTTP\headers\thttp_header_Authorization.h" />
    <ClInclude Include="..\..\doubango\tinyHTTP\include\tinyHTTP\headers\thttp_header_Content_Length.h" />
    <ClInclude Include="..\..\doubango\tinyHTTP\include\tinyHTTP\headers\thttp_header_Content_Type.h" />
    <ClInclude Include="..\..\doubango\tinyHTTP\include\tinyHTTP\headers\thttp_header_Dummy.h" />
    <ClInclude Include="..\..\doubango\tinyHTTP\include\tinyHTTP\headers\thttp_header_ETag.h" />
    <ClInclude Include="..\..\doubango\tinyHTTP\include\tinyhttp\headers\thttp_header_Sec_WebSocket_Accept.h" />
    <ClInclude Include="..\..\doubango\tinyHTTP\include\tinyhttp\headers\thttp_header_Sec_WebSocket_Key.h" />
    <ClInclude Include="..\..\doubango\tinyHTTP\include\tinyhttp\headers\thttp_header_Sec_WebSocket_Protocol.h" />
    <ClInclude Include="..\..\doubango\tinyHTTP\include\tinyhttp\headers\thttp_header_Sec_WebSocket_Version.h" />
    <ClInclude Include="..\..\doubango\tinyHTTP\include\tinyHTTP\headers\thttp_header_Transfer_Encoding.h" />
    <ClInclude Include="..\..\doubango\tinyHTTP\include\tinyHTTP\headers\thttp_header_WWW_Authenticate.h" />
    <ClInclude Include="..\..\doubango\tinyHTTP\include\tinyHTTP\parsers\thttp_parser_header.h" />
    <ClInclude Include="..\..\doubango\tinyHTTP\include\tinyHTTP\parsers\thttp_parser_message.h" />
    <ClInclude Include="..\..\doubango\tinyHTTP\include\tinyHTTP\parsers\thttp_parser_url.h" />
    <ClInclude Include="..\..\doubango\tinyHTTP\include\tinyHTTP\thttp_event.h" />
  </ItemGroup>
  <ItemGroup>
    <None Include="..\..\doubango\tinyHTTP\abnf\http.abnf" />
    <None Include="..\..\doubango\tinyHTTP\abnf\httpauth.abnf" />
    <None Include="..\..\doubango\tinyHTTP\abnf\uri.abnf" />
    <None Include="..\..\doubango\tinyHTTP\ragel\thttp_machine_header.rl" />
    <None Include="..\..\doubango\tinyHTTP\ragel\thttp_machine_message.rl" />
    <None Include="..\..\doubango\tinyHTTP\ragel\thttp_machine_utils.rl" />
    <None Include="..\..\doubango\tinyHTTP\ragel\thttp_machine_ws.rl" />
    <None Include="..\..\doubango\tinyHTTP\ragel\thttp_parser_header.rl" />
    <None Include="..\..\doubango\tinyHTTP\ragel\thttp_parser_header_Authorization.rl" />
    <None Include="..\..\doubango\tinyHTTP\ragel\thttp_parser_header_Content_Length.rl" />
    <None Include="..\..\doubango\tinyHTTP\ragel\thttp_parser_header_Content_Type.rl" />
    <None Include="..\..\doubango\tinyHTTP\ragel\thttp_parser_header_Dummy.rl" />
    <None Include="..\..\doubango\tinyHTTP\ragel\thttp_parser_header_ETag.rl" />
    <None Include="..\..\doubango\tinyHTTP\ragel\thttp_parser_header_Sec_WebSocket_Accept.rl" />
    <None Include="..\..\doubango\tinyHTTP\ragel\thttp_parser_header_Sec_WebSocket_Key.rl" />
    <None Include="..\..\doubango\tinyHTTP\ragel\thttp_parser_header_Sec_WebSocket_Version.rl" />
    <None Include="..\..\doubango\tinyHTTP\ragel\thttp_parser_header_Transfer_Encoding.rl" />
    <None Include="..\..\doubango\tinyHTTP\ragel\thttp_parser_header_WWW_Authenticate.rl" />
    <None Include="..\..\doubango\tinyHTTP\ragel\thttp_parser_message.rl" />
    <None Include="..\..\doubango\tinyHTTP\ragel\thttp_parser_url.rl" />
  </ItemGroup>
</Project>